
Microsoft Visual Studio Solution File, Format Version 12.00
Project("{FAE04EC0-301F-11D3-BF4B-00C04F79EFBC}") = "CIManager", "CIManager\CIManager.csproj", "{DD51B519-54FB-4F53-8624-4ED49E2C143B}"
EndProject
Project("{FAE04EC0-301F-11D3-BF4B-00C04F79EFBC}") = "DataMixer", "DataMixer\DataMixer.csproj", "{D5DFD50A-39A8-4899-A747-CC04583C1006}"
EndProject
Global
	GlobalSection(SolutionConfigurationPlatforms) = preSolution
		Debug|Any CPU = Debug|Any CPU
		Release|Any CPU = Release|Any CPU
	EndGlobalSection
	GlobalSection(ProjectConfigurationPlatforms) = postSolution
		{DD51B519-54FB-4F53-8624-4ED49E2C143B}.Debug|Any CPU.ActiveCfg = Debug|Any CPU
		{DD51B519-54FB-4F53-8624-4ED49E2C143B}.Debug|Any CPU.Build.0 = Debug|Any CPU
		{DD51B519-54FB-4F53-8624-4ED49E2C143B}.Release|Any CPU.ActiveCfg = Release|Any CPU
		{DD51B519-54FB-4F53-8624-4ED49E2C143B}.Release|Any CPU.Build.0 = Release|Any CPU
		{D5DFD50A-39A8-4899-A747-CC04583C1006}.Debug|Any CPU.ActiveCfg = Debug|Any CPU
		{D5DFD50A-39A8-4899-A747-CC04583C1006}.Debug|Any CPU.Build.0 = Debug|Any CPU
		{D5DFD50A-39A8-4899-A747-CC04583C1006}.Release|Any CPU.ActiveCfg = Release|Any CPU
		{D5DFD50A-39A8-4899-A747-CC04583C1006}.Release|Any CPU.Build.0 = Release|Any CPU
	EndGlobalSection
EndGlobal
